// !$*UTF8*$!
{
	archiveVersion = 1;
	classes = {
	};
	objectVersion = 55;
	objects = {

/* Begin PBXBuildFile section */
		1703BCAE27133F7800C933D4 /* SwiftUI_tutorial__1App.swift in Sources */ = {isa = PBXBuildFile; fileRef = 1703BCAD27133F7800C933D4 /* SwiftUI_tutorial__1App.swift */; };
		1703BCB027133F7800C933D4 /* ContentView.swift in Sources */ = {isa = PBXBuildFile; fileRef = 1703BCAF27133F7800C933D4 /* ContentView.swift */; };
		1703BCB227133F7900C933D4 /* Assets.xcassets in Resources */ = {isa = PBXBuildFile; fileRef = 1703BCB127133F7900C933D4 /* Assets.xcassets */; };
		1703BCB527133F7900C933D4 /* Preview Assets.xcassets in Resources */ = {isa = PBXBuildFile; fileRef = 1703BCB427133F7900C933D4 /* Preview Assets.xcassets */; };
		1703BCBF27133F7900C933D4 /* SwiftUI_tutorial__1Tests.swift in Sources */ = {isa = PBXBuildFile; fileRef = 1703BCBE27133F7900C933D4 /* SwiftUI_tutorial__1Tests.swift */; };
		1703BCC927133F7900C933D4 /* SwiftUI_tutorial__1UITests.swift in Sources */ = {isa = PBXBuildFile; fileRef = 1703BCC827133F7900C933D4 /* SwiftUI_tutorial__1UITests.swift */; };
		1703BCCB27133F7900C933D4 /* SwiftUI_tutorial__1UITestsLaunchTests.swift in Sources */ = {isa = PBXBuildFile; fileRef = 1703BCCA27133F7900C933D4 /* SwiftUI_tutorial__1UITestsLaunchTests.swift */; };
		1703BCD8271343BA00C933D4 /* MyVstackView.swift in Sources */ = {isa = PBXBuildFile; fileRef = 1703BCD7271343BA00C933D4 /* MyVstackView.swift */; };
		1703BCDA27147BA300C933D4 /* MyTextView.swift in Sources */ = {isa = PBXBuildFile; fileRef = 1703BCD927147BA300C933D4 /* MyTextView.swift */; };
/* End PBXBuildFile section */

/* Begin PBXContainerItemProxy section */
		1703BCBB27133F7900C933D4 /* PBXContainerItemProxy */ = {
			isa = PBXContainerItemProxy;
			containerPortal = 1703BCA227133F7800C933D4 /* Project object */;
			proxyType = 1;
			remoteGlobalIDString = 1703BCA927133F7800C933D4;
			remoteInfo = "SwiftUI_tutorial_#1";
		};
		1703BCC527133F7900C933D4 /* PBXContainerItemProxy */ = {
			isa = PBXContainerItemProxy;
			containerPortal = 1703BCA227133F7800C933D4 /* Project object */;
			proxyType = 1;
			remoteGlobalIDString = 1703BCA927133F7800C933D4;
			remoteInfo = "SwiftUI_tutorial_#1";
		};
/* End PBXContainerItemProxy section */

/* Begin PBXFileReference section */
		1703BCAA27133F7800C933D4 /* SwiftUI_tutorial_#1.app */ = {isa = PBXFileReference; explicitFileType = wrapper.application; includeInIndex = 0; path = "SwiftUI_tutorial_#1.app"; sourceTree = BUILT_PRODUCTS_DIR; };
		1703BCAD27133F7800C933D4 /* SwiftUI_tutorial__1App.swift */ = {isa = PBXFileReference; lastKnownFileType = sourcecode.swift; path = SwiftUI_tutorial__1App.swift; sourceTree = "<group>"; };
		1703BCAF27133F7800C933D4 /* ContentView.swift */ = {isa = PBXFileReference; lastKnownFileType = sourcecode.swift; path = ContentView.swift; sourceTree = "<group>"; };
		1703BCB127133F7900C933D4 /* Assets.xcassets */ = {isa = PBXFileReference; lastKnownFileType = folder.assetcatalog; path = Assets.xcassets; sourceTree = "<group>"; };
		1703BCB427133F7900C933D4 /* Preview Assets.xcassets */ = {isa = PBXFileReference; lastKnownFileType = folder.assetcatalog; path = "Preview Assets.xcassets"; sourceTree = "<group>"; };
		1703BCBA27133F7900C933D4 /* SwiftUI_tutorial_#1Tests.xctest */ = {isa = PBXFileReference; explicitFileType = wrapper.cfbundle; includeInIndex = 0; path = "SwiftUI_tutorial_#1Tests.xctest"; sourceTree = BUILT_PRODUCTS_DIR; };
		1703BCBE27133F7900C933D4 /* SwiftUI_tutorial__1Tests.swift */ = {isa = PBXFileReference; lastKnownFileType = sourcecode.swift; path = SwiftUI_tutorial__1Tests.swift; sourceTree = "<group>"; };
		1703BCC427133F7900C933D4 /* SwiftUI_tutorial_#1UITests.xctest */ = {isa = PBXFileReference; explicitFileType = wrapper.cfbundle; includeInIndex = 0; path = "SwiftUI_tutorial_#1UITests.xctest"; sourceTree = BUILT_PRODUCTS_DIR; };
		1703BCC827133F7900C933D4 /* SwiftUI_tutorial__1UITests.swift */ = {isa = PBXFileReference; lastKnownFileType = sourcecode.swift; path = SwiftUI_tutorial__1UITests.swift; sourceTree = "<group>"; };
		1703BCCA27133F7900C933D4 /* SwiftUI_tutorial__1UITestsLaunchTests.swift */ = {isa = PBXFileReference; lastKnownFileType = sourcecode.swift; path = SwiftUI_tutorial__1UITestsLaunchTests.swift; sourceTree = "<group>"; };
		1703BCD7271343BA00C933D4 /* MyVstackView.swift */ = {isa = PBXFileReference; lastKnownFileType = sourcecode.swift; path = MyVstackView.swift; sourceTree = "<group>"; };
		1703BCD927147BA300C933D4 /* MyTextView.swift */ = {isa = PBXFileReference; lastKnownFileType = sourcecode.swift; path = MyTextView.swift; sourceTree = "<group>"; };
/* End PBXFileReference section */

/* Begin PBXFrameworksBuildPhase section */
		1703BCA727133F7800C933D4 /* Frameworks */ = {
			isa = PBXFrameworksBuildPhase;
			buildActionMask = 2147483647;
			files = (
			);
			runOnlyForDeploymentPostprocessing = 0;
		};
		1703BCB727133F7900C933D4 /* Frameworks */ = {
			isa = PBXFrameworksBuildPhase;
			buildActionMask = 2147483647;
			files = (
			);
			runOnlyForDeploymentPostprocessing = 0;
		};
		1703BCC127133F7900C933D4 /* Frameworks */ = {
			isa = PBXFrameworksBuildPhase;
			buildActionMask = 2147483647;
			files = (
			);
			runOnlyForDeploymentPostprocessing = 0;
		};
/* End PBXFrameworksBuildPhase section */

/* Begin PBXGroup section */
		1703BCA127133F7800C933D4 = {
			isa = PBXGroup;
			children = (
				1703BCAC27133F7800C933D4 /* SwiftUI_tutorial_#1 */,
				1703BCBD27133F7900C933D4 /* SwiftUI_tutorial_#1Tests */,
				1703BCC727133F7900C933D4 /* SwiftUI_tutorial_#1UITests */,
				1703BCAB27133F7800C933D4 /* Products */,
			);
			sourceTree = "<group>";
		};
		1703BCAB27133F7800C933D4 /* Products */ = {
			isa = PBXGroup;
			children = (
				1703BCAA27133F7800C933D4 /* SwiftUI_tutorial_#1.app */,
				1703BCBA27133F7900C933D4 /* SwiftUI_tutorial_#1Tests.xctest */,
				1703BCC427133F7900C933D4 /* SwiftUI_tutorial_#1UITests.xctest */,
			);
			name = Products;
			sourceTree = "<group>";
		};
		1703BCAC27133F7800C933D4 /* SwiftUI_tutorial_#1 */ = {
			isa = PBXGroup;
			children = (
				1703BCAD27133F7800C933D4 /* SwiftUI_tutorial__1App.swift */,
				1703BCAF27133F7800C933D4 /* ContentView.swift */,
				1703BCB127133F7900C933D4 /* Assets.xcassets */,
				1703BCB327133F7900C933D4 /* Preview Content */,
				1703BCD7271343BA00C933D4 /* MyVstackView.swift */,
				1703BCD927147BA300C933D4 /* MyTextView.swift */,
			);
			path = "SwiftUI_tutorial_#1";
			sourceTree = "<group>";
		};
		1703BCB327133F7900C933D4 /* Preview Content */ = {
			isa = PBXGroup;
			children = (
				1703BCB427133F7900C933D4 /* Preview Assets.xcassets */,
			);
			path = "Preview Content";
			sourceTree = "<group>";
		};
		1703BCBD27133F7900C933D4 /* SwiftUI_tutorial_#1Tests */ = {
			isa = PBXGroup;
			children = (
				1703BCBE27133F7900C933D4 /* SwiftUI_tutorial__1Tests.swift */,
			);
			path = "SwiftUI_tutorial_#1Tests";
			sourceTree = "<group>";
		};
		1703BCC727133F7900C933D4 /* SwiftUI_tutorial_#1UITests */ = {
			isa = PBXGroup;
			children = (
				1703BCC827133F7900C933D4 /* SwiftUI_tutorial__1UITests.swift */,
				1703BCCA27133F7900C933D4 /* SwiftUI_tutorial__1UITestsLaunchTests.swift */,
			);
			path = "SwiftUI_tutorial_#1UITests";
			sourceTree = "<group>";
		};
/* End PBXGroup section */

/* Begin PBXNativeTarget section */
		1703BCA927133F7800C933D4 /* SwiftUI_tutorial_#1 */ = {
			isa = PBXNativeTarget;
			buildConfigurationList = 1703BCCE27133F7900C933D4 /* Build configuration list for PBXNativeTarget "SwiftUI_tutorial_#1" */;
			buildPhases = (
				1703BCA627133F7800C933D4 /* Sources */,
				1703BCA727133F7800C933D4 /* Frameworks */,
				1703BCA827133F7800C933D4 /* Resources */,
			);
			buildRules = (
			);
			dependencies = (
			);
			name = "SwiftUI_tutorial_#1";
			productName = "SwiftUI_tutorial_#1";
			productReference = 1703BCAA27133F7800C933D4 /* SwiftUI_tutorial_#1.app */;
			productType = "com.apple.product-type.application";
		};
		1703BCB927133F7900C933D4 /* SwiftUI_tutorial_#1Tests */ = {
			isa = PBXNativeTarget;
			buildConfigurationList = 1703BCD127133F7900C933D4 /* Build configuration list for PBXNativeTarget "SwiftUI_tutorial_#1Tests" */;
			buildPhases = (
				1703BCB627133F7900C933D4 /* Sources */,
				1703BCB727133F7900C933D4 /* Frameworks */,
				1703BCB827133F7900C933D4 /* Resources */,
			);
			buildRules = (
			);
			dependencies = (
				1703BCBC27133F7900C933D4 /* PBXTargetDependency */,
			);
			name = "SwiftUI_tutorial_#1Tests";
			productName = "SwiftUI_tutorial_#1Tests";
			productReference = 1703BCBA27133F7900C933D4 /* SwiftUI_tutorial_#1Tests.xctest */;
			productType = "com.apple.product-type.bundle.unit-test";
		};
		1703BCC327133F7900C933D4 /* SwiftUI_tutorial_#1UITests */ = {
			isa = PBXNativeTarget;
			buildConfigurationList = 1703BCD427133F7900C933D4 /* Build configuration list for PBXNativeTarget "SwiftUI_tutorial_#1UITests" */;
			buildPhases = (
				1703BCC027133F7900C933D4 /* Sources */,
				1703BCC127133F7900C933D4 /* Frameworks */,
				1703BCC227133F7900C933D4 /* Resources */,
			);
			buildRules = (
			);
			dependencies = (
				1703BCC627133F7900C933D4 /* PBXTargetDependency */,
			);
			name = "SwiftUI_tutorial_#1UITests";
			productName = "SwiftUI_tutorial_#1UITests";
			productReference = 1703BCC427133F7900C933D4 /* SwiftUI_tutorial_#1UITests.xctest */;
			productType = "com.apple.product-type.bundle.ui-testing";
		};
/* End PBXNativeTarget section */

/* Begin PBXProject section */
		1703BCA227133F7800C933D4 /* Project object */ = {
			isa = PBXProject;
			attributes = {
				BuildIndependentTargetsInParallel = 1;
				LastSwiftUpdateCheck = 1300;
				LastUpgradeCheck = 1300;
				TargetAttributes = {
					1703BCA927133F7800C933D4 = {
						CreatedOnToolsVersion = 13.0;
					};
					1703BCB927133F7900C933D4 = {
						CreatedOnToolsVersion = 13.0;
						TestTargetID = 1703BCA927133F7800C933D4;
					};
					1703BCC327133F7900C933D4 = {
						CreatedOnToolsVersion = 13.0;
						TestTargetID = 1703BCA927133F7800C933D4;
					};
				};
			};
			buildConfigurationList = 1703BCA527133F7800C933D4 /* Build configuration list for PBXProject "SwiftUI_tutorial_#1" */;
			compatibilityVersion = "Xcode 13.0";
			developmentRegion = en;
			hasScannedForEncodings = 0;
			knownRegions = (
				en,
				Base,
			);
			mainGroup = 1703BCA127133F7800C933D4;
			productRefGroup = 1703BCAB27133F7800C933D4 /* Products */;
			projectDirPath = "";
			projectRoot = "";
			targets = (
				1703BCA927133F7800C933D4 /* SwiftUI_tutorial_#1 */,
				1703BCB927133F7900C933D4 /* SwiftUI_tutorial_#1Tests */,
				1703BCC327133F7900C933D4 /* SwiftUI_tutorial_#1UITests */,
			);
		};
/* End PBXProject section */

/* Begin PBXResourcesBuildPhase section */
		1703BCA827133F7800C933D4 /* Resources */ = {
			isa = PBXResourcesBuildPhase;
			buildActionMask = 2147483647;
			files = (
				1703BCB527133F7900C933D4 /* Preview Assets.xcassets in Resources */,
				1703BCB227133F7900C933D4 /* Assets.xcassets in Resources */,
			);
			runOnlyForDeploymentPostprocessing = 0;
		};
		1703BCB827133F7900C933D4 /* Resources */ = {
			isa = PBXResourcesBuildPhase;
			buildActionMask = 2147483647;
			files = (
			);
			runOnlyForDeploymentPostprocessing = 0;
		};
		1703BCC227133F7900C933D4 /* Resources */ = {
			isa = PBXResourcesBuildPhase;
			buildActionMask = 2147483647;
			files = (
			);
			runOnlyForDeploymentPostprocessing = 0;
		};
/* End PBXResourcesBuildPhase section */

/* Begin PBXSourcesBuildPhase section */
		1703BCA627133F7800C933D4 /* Sources */ = {
			isa = PBXSourcesBuildPhase;
			buildActionMask = 2147483647;
			files = (
				1703BCB027133F7800C933D4 /* ContentView.swift in Sources */,
				1703BCDA27147BA300C933D4 /* MyTextView.swift in Sources */,
				1703BCAE27133F7800C933D4 /* SwiftUI_tutorial__1App.swift in Sources */,
				1703BCD8271343BA00C933D4 /* MyVstackView.swift in Sources */,
			);
			runOnlyForDeploymentPostprocessing = 0;
		};
		1703BCB627133F7900C933D4 /* Sources */ = {
			isa = PBXSourcesBuildPhase;
			buildActionMask = 2147483647;
			files = (
				1703BCBF27133F7900C933D4 /* SwiftUI_tutorial__1Tests.swift in Sources */,
			);
			runOnlyForDeploymentPostprocessing = 0;
		};
		1703BCC027133F7900C933D4 /* Sources */ = {
			isa = PBXSourcesBuildPhase;
			buildActionMask = 2147483647;
			files = (
				1703BCCB27133F7900C933D4 /* SwiftUI_tutorial__1UITestsLaunchTests.swift in Sources */,
				1703BCC927133F7900C933D4 /* SwiftUI_tutorial__1UITests.swift in Sources */,
			);
			runOnlyForDeploymentPostprocessing = 0;
		};
/* End PBXSourcesBuildPhase section */

/* Begin PBXTargetDependency section */
		1703BCBC27133F7900C933D4 /* PBXTargetDependency */ = {
			isa = PBXTargetDependency;
			target = 1703BCA927133F7800C933D4 /* SwiftUI_tutorial_#1 */;
			targetProxy = 1703BCBB27133F7900C933D4 /* PBXContainerItemProxy */;
		};
		1703BCC627133F7900C933D4 /* PBXTargetDependency */ = {
			isa = PBXTargetDependency;
			target = 1703BCA927133F7800C933D4 /* SwiftUI_tutorial_#1 */;
			targetProxy = 1703BCC527133F7900C933D4 /* PBXContainerItemProxy */;
		};
/* End PBXTargetDependency section */

/* Begin XCBuildConfiguration section */
		1703BCCC27133F7900C933D4 /* Debug */ = {
			isa = XCBuildConfiguration;
			buildSettings = {
				ALWAYS_SEARCH_USER_PATHS = NO;
				CLANG_ANALYZER_NONNULL = YES;
				CLANG_ANALYZER_NUMBER_OBJECT_CONVERSION = YES_AGGRESSIVE;
				CLANG_CXX_LANGUAGE_STANDARD = "gnu++17";
				CLANG_CXX_LIBRARY = "libc++";
				CLANG_ENABLE_MODULES = YES;
				CLANG_ENABLE_OBJC_ARC = YES;
				CLANG_ENABLE_OBJC_WEAK = YES;
				CLANG_WARN_BLOCK_CAPTURE_AUTORELEASING = YES;
				CLANG_WARN_BOOL_CONVERSION = YES;
				CLANG_WARN_COMMA = YES;
				CLANG_WARN_CONSTANT_CONVERSION = YES;
				CLANG_WARN_DEPRECATED_OBJC_IMPLEMENTATIONS = YES;
				CLANG_WARN_DIRECT_OBJC_ISA_USAGE = YES_ERROR;
				CLANG_WARN_DOCUMENTATION_COMMENTS = YES;
				CLANG_WARN_EMPTY_BODY = YES;
				CLANG_WARN_ENUM_CONVERSION = YES;
				CLANG_WARN_INFINITE_RECURSION = YES;
				CLANG_WARN_INT_CONVERSION = YES;
				CLANG_WARN_NON_LITERAL_NULL_CONVERSION = YES;
				CLANG_WARN_OBJC_IMPLICIT_RETAIN_SELF = YES;
				CLANG_WARN_OBJC_LITERAL_CONVERSION = YES;
				CLANG_WARN_OBJC_ROOT_CLASS = YES_ERROR;
				CLANG_WARN_QUOTED_INCLUDE_IN_FRAMEWORK_HEADER = YES;
				CLANG_WARN_RANGE_LOOP_ANALYSIS = YES;
				CLANG_WARN_STRICT_PROTOTYPES = YES;
				CLANG_WARN_SUSPICIOUS_MOVE = YES;
				CLANG_WARN_UNGUARDED_AVAILABILITY = YES_AGGRESSIVE;
				CLANG_WARN_UNREACHABLE_CODE = YES;
				CLANG_WARN__DUPLICATE_METHOD_MATCH = YES;
				COPY_PHASE_STRIP = NO;
				DEBUG_INFORMATION_FORMAT = dwarf;
				ENABLE_STRICT_OBJC_MSGSEND = YES;
				ENABLE_TESTABILITY = YES;
				GCC_C_LANGUAGE_STANDARD = gnu11;
				GCC_DYNAMIC_NO_PIC = NO;
				GCC_NO_COMMON_BLOCKS = YES;
				GCC_OPTIMIZATION_LEVEL = 0;
				GCC_PREPROCESSOR_DEFINITIONS = (
					"DEBUG=1",
					"$(inherited)",
				);
				GCC_WARN_64_TO_32_BIT_CONVERSION = YES;
				GCC_WARN_ABOUT_RETURN_TYPE = YES_ERROR;
				GCC_WARN_UNDECLARED_SELECTOR = YES;
				GCC_WARN_UNINITIALIZED_AUTOS = YES_AGGRESSIVE;
				GCC_WARN_UNUSED_FUNCTION = YES;
				GCC_WARN_UNUSED_VARIABLE = YES;
				IPHONEOS_DEPLOYMENT_TARGET = 15.0;
				MTL_ENABLE_DEBUG_INFO = INCLUDE_SOURCE;
				MTL_FAST_MATH = YES;
				ONLY_ACTIVE_ARCH = YES;
				SDKROOT = iphoneos;
				SWIFT_ACTIVE_COMPILATION_CONDITIONS = DEBUG;
				SWIFT_OPTIMIZATION_LEVEL = "-Onone";
			};
			name = Debug;
		};
		1703BCCD27133F7900C933D4 /* Release */ = {
			isa = XCBuildConfiguration;
			buildSettings = {
				ALWAYS_SEARCH_USER_PATHS = NO;
				CLANG_ANALYZER_NONNULL = YES;
				CLANG_ANALYZER_NUMBER_OBJECT_CONVERSION = YES_AGGRESSIVE;
				CLANG_CXX_LANGUAGE_STANDARD = "gnu++17";
				CLANG_CXX_LIBRARY = "libc++";
				CLANG_ENABLE_MODULES = YES;
				CLANG_ENABLE_OBJC_ARC = YES;
				CLANG_ENABLE_OBJC_WEAK = YES;
				CLANG_WARN_BLOCK_CAPTURE_AUTORELEASING = YES;
				CLANG_WARN_BOOL_CONVERSION = YES;
				CLANG_WARN_COMMA = YES;
				CLANG_WARN_CONSTANT_CONVERSION = YES;
				CLANG_WARN_DEPRECATED_OBJC_IMPLEMENTATIONS = YES;
				CLANG_WARN_DIRECT_OBJC_ISA_USAGE = YES_ERROR;
				CLANG_WARN_DOCUMENTATION_COMMENTS = YES;
				CLANG_WARN_EMPTY_BODY = YES;
				CLANG_WARN_ENUM_CONVERSION = YES;
				CLANG_WARN_INFINITE_RECURSION = YES;
				CLANG_WARN_INT_CONVERSION = YES;
				CLANG_WARN_NON_LITERAL_NULL_CONVERSION = YES;
				CLANG_WARN_OBJC_IMPLICIT_RETAIN_SELF = YES;
				CLANG_WARN_OBJC_LITERAL_CONVERSION = YES;
				CLANG_WARN_OBJC_ROOT_CLASS = YES_ERROR;
				CLANG_WARN_QUOTED_INCLUDE_IN_FRAMEWORK_HEADER = YES;
				CLANG_WARN_RANGE_LOOP_ANALYSIS = YES;
				CLANG_WARN_STRICT_PROTOTYPES = YES;
				CLANG_WARN_SUSPICIOUS_MOVE = YES;
				CLANG_WARN_UNGUARDED_AVAILABILITY = YES_AGGRESSIVE;
				CLANG_WARN_UNREACHABLE_CODE = YES;
				CLANG_WARN__DUPLICATE_METHOD_MATCH = YES;
				COPY_PHASE_STRIP = NO;
				DEBUG_INFORMATION_FORMAT = "dwarf-with-dsym";
				ENABLE_NS_ASSERTIONS = NO;
				ENABLE_STRICT_OBJC_MSGSEND = YES;
				GCC_C_LANGUAGE_STANDARD = gnu11;
				GCC_NO_COMMON_BLOCKS = YES;
				GCC_WARN_64_TO_32_BIT_CONVERSION = YES;
				GCC_WARN_ABOUT_RETURN_TYPE = YES_ERROR;
				GCC_WARN_UNDECLARED_SELECTOR = YES;
				GCC_WARN_UNINITIALIZED_AUTOS = YES_AGGRESSIVE;
				GCC_WARN_UNUSED_FUNCTION = YES;
				GCC_WARN_UNUSED_VARIABLE = YES;
				IPHONEOS_DEPLOYMENT_TARGET = 15.0;
				MTL_ENABLE_DEBUG_INFO = NO;
				MTL_FAST_MATH = YES;
				SDKROOT = iphoneos;
				SWIFT_COMPILATION_MODE = wholemodule;
				SWIFT_OPTIMIZATION_LEVEL = "-O";
				VALIDATE_PRODUCT = YES;
			};
			name = Release;
		};
		1703BCCF27133F7900C933D4 /* Debug */ = {
			isa = XCBuildConfiguration;
			buildSettings = {
				ASSETCATALOG_COMPILER_APPICON_NAME = AppIcon;
				ASSETCATALOG_COMPILER_GLOBAL_ACCENT_COLOR_NAME = AccentColor;
				CODE_SIGN_STYLE = Automatic;
				CURRENT_PROJECT_VERSION = 1;
				DEVELOPMENT_ASSET_PATHS = "\"SwiftUI_tutorial_#1/Preview Content\"";
				ENABLE_PREVIEWS = YES;
				GENERATE_INFOPLIST_FILE = YES;
				INFOPLIST_KEY_UIApplicationSceneManifest_Generation = YES;
				INFOPLIST_KEY_UIApplicationSupportsIndirectInputEvents = YES;
				INFOPLIST_KEY_UILaunchScreen_Generation = YES;
				INFOPLIST_KEY_UISupportedInterfaceOrientations_iPad = "UIInterfaceOrientationPortrait UIInterfaceOrientationPortraitUpsideDown UIInterfaceOrientationLandscapeLeft UIInterfaceOrientationLandscapeRight";
				INFOPLIST_KEY_UISupportedInterfaceOrientations_iPhone = "UIInterfaceOrientationPortrait UIInterfaceOrientationLandscapeLeft UIInterfaceOrientationLandscapeRight";
				IPHONEOS_DEPLOYMENT_TARGET = 14.0;
				LD_RUNPATH_SEARCH_PATHS = (
					"$(inherited)",
					"@executable_path/Frameworks",
				);
				MARKETING_VERSION = 1.0;
				PRODUCT_BUNDLE_IDENTIFIER = "com.oneshot..SwiftUI-tutorial--1";
				PRODUCT_NAME = "$(TARGET_NAME)";
				SWIFT_EMIT_LOC_STRINGS = YES;
				SWIFT_VERSION = 5.0;
				TARGETED_DEVICE_FAMILY = "1,2";
			};
			name = Debug;
		};
		1703BCD027133F7900C933D4 /* Release */ = {
			isa = XCBuildConfiguration;
			buildSettings = {
				ASSETCATALOG_COMPILER_APPICON_NAME = AppIcon;
				ASSETCATALOG_COMPILER_GLOBAL_ACCENT_COLOR_NAME = AccentColor;
				CODE_SIGN_STYLE = Automatic;
				CURRENT_PROJECT_VERSION = 1;
				DEVELOPMENT_ASSET_PATHS = "\"SwiftUI_tutorial_#1/Preview Content\"";
				ENABLE_PREVIEWS = YES;
				GENERATE_INFOPLIST_FILE = YES;
				INFOPLIST_KEY_UIApplicationSceneManifest_Generation = YES;
				INFOPLIST_KEY_UIApplicationSupportsIndirectInputEvents = YES;
				INFOPLIST_KEY_UILaunchScreen_Generation = YES;
				INFOPLIST_KEY_UISupportedInterfaceOrientations_iPad = "UIInterfaceOrientationPortrait UIInterfaceOrientationPortraitUpsideDown UIInterfaceOrientationLandscapeLeft UIInterfaceOrientationLandscapeRight";
				INFOPLIST_KEY_UISupportedInterfaceOrientations_iPhone = "UIInterfaceOrientationPortrait UIInterfaceOrientationLandscapeLeft UIInterfaceOrientationLandscapeRight";
				IPHONEOS_DEPLOYMENT_TARGET = 14.0;
				LD_RUNPATH_SEARCH_PATHS = (
					"$(inherited)",
					"@executable_path/Frameworks",
				);
				MARKETING_VERSION = 1.0;
				PRODUCT_BUNDLE_IDENTIFIER = "com.oneshot..SwiftUI-tutorial--1";
				PRODUCT_NAME = "$(TARGET_NAME)";
				SWIFT_EMIT_LOC_STRINGS = YES;
				SWIFT_VERSION = 5.0;
				TARGETED_DEVICE_FAMILY = "1,2";
			};
			name = Release;
		};
		1703BCD227133F7900C933D4 /* Debug */ = {
			isa = XCBuildConfiguration;
			buildSettings = {
				ALWAYS_EMBED_SWIFT_STANDARD_LIBRARIES = YES;
				BUNDLE_LOADER = "$(TEST_HOST)";
				CODE_SIGN_STYLE = Automatic;
				CURRENT_PROJECT_VERSION = 1;
				GENERATE_INFOPLIST_FILE = YES;
				IPHONEOS_DEPLOYMENT_TARGET = 14.0;
				LD_RUNPATH_SEARCH_PATHS = (
					"$(inherited)",
					"@executable_path/Frameworks",
					"@loader_path/Frameworks",
				);
				MARKETING_VERSION = 1.0;
				PRODUCT_BUNDLE_IDENTIFIER = "com.oneshot..SwiftUI-tutorial--1Tests";
				PRODUCT_NAME = "$(TARGET_NAME)";
				SWIFT_EMIT_LOC_STRINGS = NO;
				SWIFT_VERSION = 5.0;
				TARGETED_DEVICE_FAMILY = "1,2";
				TEST_HOST = "$(BUILT_PRODUCTS_DIR)/SwiftUI_tutorial_#1.app/SwiftUI_tutorial_#1";
			};
			name = Debug;
		};
		1703BCD327133F7900C933D4 /* Release */ = {
			isa = XCBuildConfiguration;
			buildSettings = {
				ALWAYS_EMBED_SWIFT_STANDARD_LIBRARIES = YES;
				BUNDLE_LOADER = "$(TEST_HOST)";
				CODE_SIGN_STYLE = Automatic;
				CURRENT_PROJECT_VERSION = 1;
				GENERATE_INFOPLIST_FILE = YES;
				IPHONEOS_DEPLOYMENT_TARGET = 14.0;
				LD_RUNPATH_SEARCH_PATHS = (
					"$(inherited)",
					"@executable_path/Frameworks",
					"@loader_path/Frameworks",
				);
				MARKETING_VERSION = 1.0;
				PRODUCT_BUNDLE_IDENTIFIER = "com.oneshot..SwiftUI-tutorial--1Tests";
				PRODUCT_NAME = "$(TARGET_NAME)";
				SWIFT_EMIT_LOC_STRINGS = NO;
				SWIFT_VERSION = 5.0;
				TARGETED_DEVICE_FAMILY = "1,2";
				TEST_HOST = "$(BUILT_PRODUCTS_DIR)/SwiftUI_tutorial_#1.app/SwiftUI_tutorial_#1";
			};
			name = Release;
		};
		1703BCD527133F7900C933D4 /* Debug */ = {
			isa = XCBuildConfiguration;
			buildSettings = {
				ALWAYS_EMBED_SWIFT_STANDARD_LIBRARIES = YES;
				CODE_SIGN_STYLE = Automatic;
				CURRENT_PROJECT_VERSION = 1;
				GENERATE_INFOPLIST_FILE = YES;
				LD_RUNPATH_SEARCH_PATHS = (
					"$(inherited)",
					"@executable_path/Frameworks",
					"@loader_path/Frameworks",
				);
				MARKETING_VERSION = 1.0;
				PRODUCT_BUNDLE_IDENTIFIER = "com.oneshot..SwiftUI-tutorial--1UITests";
				PRODUCT_NAME = "$(TARGET_NAME)";
				SWIFT_EMIT_LOC_STRINGS = NO;
				SWIFT_VERSION = 5.0;
				TARGETED_DEVICE_FAMILY = "1,2";
				TEST_TARGET_NAME = "SwiftUI_tutorial_#1";
			};
			name = Debug;
		};
		1703BCD627133F7900C933D4 /* Release */ = {
			isa = XCBuildConfiguration;
			buildSettings = {
				ALWAYS_EMBED_SWIFT_STANDARD_LIBRARIES = YES;
				CODE_SIGN_STYLE = Automatic;
				CURRENT_PROJECT_VERSION = 1;
				GENERATE_INFOPLIST_FILE = YES;
				LD_RUNPATH_SEARCH_PATHS = (
					"$(inherited)",
					"@executable_path/Frameworks",
					"@loader_path/Frameworks",
				);
				MARKETING_VERSION = 1.0;
				PRODUCT_BUNDLE_IDENTIFIER = "com.oneshot..SwiftUI-tutorial--1UITests";
				PRODUCT_NAME = "$(TARGET_NAME)";
				SWIFT_EMIT_LOC_STRINGS = NO;
				SWIFT_VERSION = 5.0;
				TARGETED_DEVICE_FAMILY = "1,2";
				TEST_TARGET_NAME = "SwiftUI_tutorial_#1";
			};
			name = Release;
		};
/* End XCBuildConfiguration section */

/* Begin XCConfigurationList section */
		1703BCA527133F7800C933D4 /* Build configuration list for PBXProject "SwiftUI_tutorial_#1" */ = {
			isa = XCConfigurationList;
			buildConfigurations = (
				1703BCCC27133F7900C933D4 /* Debug */,
				1703BCCD27133F7900C933D4 /* Release */,
			);
			defaultConfigurationIsVisible = 0;
			defaultConfigurationName = Release;
		};
		1703BCCE27133F7900C933D4 /* Build configuration list for PBXNativeTarget "SwiftUI_tutorial_#1" */ = {
			isa = XCConfigurationList;
			buildConfigurations = (
				1703BCCF27133F7900C933D4 /* Debug */,
				1703BCD027133F7900C933D4 /* Release */,
			);
			defaultConfigurationIsVisible = 0;
			defaultConfigurationName = Release;
		};
		1703BCD127133F7900C933D4 /* Build configuration list for PBXNativeTarget "SwiftUI_tutorial_#1Tests" */ = {
			isa = XCConfigurationList;
			buildConfigurations = (
				1703BCD227133F7900C933D4 /* Debug */,
				1703BCD327133F7900C933D4 /* Release */,
			);
			defaultConfigurationIsVisible = 0;
			defaultConfigurationName = Release;
		};
		1703BCD427133F7900C933D4 /* Build configuration list for PBXNativeTarget "SwiftUI_tutorial_#1UITests" */ = {
			isa = XCConfigurationList;
			buildConfigurations = (
				1703BCD527133F7900C933D4 /* Debug */,
				1703BCD627133F7900C933D4 /* Release */,
			);
			defaultConfigurationIsVisible = 0;
			defaultConfigurationName = Release;
		};
/* End XCConfigurationList section */
	};
	rootObject = 1703BCA227133F7800C933D4 /* Project object */;
}
